numpy==2.4.6 \
    --hash=sha256:89cd468399cfd2504718f0ba50e410dca55a170b61a02ad92bb18c8a65186e93
pandas==2.3.3 \
    --hash=sha256:b98560e98cb334799c0b07ca7967ac361a47326e9b4e5a7dfb5ab2b1c9d35a1b
pykrx==1.2.8 \
    --hash=sha256:e6d6e206d81575fedfa6a6bcea2d3843ea880f24bc79c1059121829975a9bd70
requests==2.34.2 \
    --hash=sha256:2a0d60c172f83ac6ab31e4554906c0f3b3588d37b5cb939b1c061f4907e278e0
