certifi==2026.7.22 \
    --hash=sha256:62f22742b58a1a33014a2b6b706588a8d7e2a88ae7bd1a6ebe8c992928483775
charset-normalizer==3.5.1 \
    --hash=sha256:c7b742bf31c88566b4bb6335a7f393bb322e580b6bb98df7bd0c25e6e3519ce8
contourpy==1.3.2 \
    --hash=sha256:3859783aefa2b8355697f16642695a5b9792e7a46ab86da1118a4a23a51a33d7
cycler==0.12.1 \
    --hash=sha256:85cef7cff222d8644161529808465972e51340599459b8ac3ccbac5a854e0d30
deprecated==1.3.1 \
    --hash=sha256:597bfef186b6f60181535a29fbe44865ce137a5079f295b479886c82729d5f3f
fonttools==4.65.0 \
    --hash=sha256:a3991732c87b3f054a2a8cf86dd0d602833fa8cb37c911503173771646e1013d
idna==3.19 \
    --hash=sha256:815e7be7a7806d54abb586dc943addc79e8b2ee16915059658cbeff4b1b43bf4
kiwisolver==1.5.1 \
    --hash=sha256:95a02752aa032eef4aed01cda6d9b687c669bd0396bf4519eef8bba22a286720
matplotlib==3.11.2 \
    --hash=sha256:07d9b9fa60cd4c393692f50d0bb03123242ddf61c99bb0e95e75feb354e7c1a8
multipledispatch==1.0.0 \
    --hash=sha256:0c53cd8b077546da4e48869f49b13164bebafd0c2a5afceb6bb6a316e7fb46e4
numpy==2.2.6 \
    --hash=sha256:ba10f8411898fc418a521833e014a77d3ca01c15b0c6cdcce6a0d2897e6dbbdf
packaging==26.3 \
    --hash=sha256:d7193f7c8e4e93f444fde0262bf90af30e16fa0ad0ad44cb553c87339b23cd1c
pandas==2.3.2 \
    --hash=sha256:1d81573b3f7db40d020983f78721e9bfc425f411e616ef019a10ebf597aedb2e
pillow==12.2.0 \
    --hash=sha256:8bd7903a5f2a4545f6fd5935c90058b89d30045568985a71c79f5fd6edf9b91e
pykrx==1.2.8 \
    --hash=sha256:e6d6e206d81575fedfa6a6bcea2d3843ea880f24bc79c1059121829975a9bd70
pyparsing==3.3.2 \
    --hash=sha256:850ba148bd908d7e2411587e247a1e4f0327839c40e2e5e6d05a007ecc69911d
python-dateutil==2.9.0.post0 \
    --hash=sha256:a8b2bc7bffae282281c8140a97d3aa9c14da0b136dfe83f850eea9a5f7470427
pytz==2026.3.post1 \
    --hash=sha256:dd95840dd199baea12d9cc096a1d452caa6596a1c1e4b5f3dbd1541855d5e815
requests==2.34.2 \
    --hash=sha256:2a0d60c172f83ac6ab31e4554906c0f3b3588d37b5cb939b1c061f4907e278e0
six==1.17.0 \
    --hash=sha256:4721f391ed90541fddacab5acf947aa0d3dc7d27b2e1e8eda2be8970586c3274
tzdata==2026.4 \
    --hash=sha256:c2169a8b0a7a5e9674da5a135ccdfb2b3e671b333ed9fed17b41f73c34476e81
urllib3==2.7.0 \
    --hash=sha256:9fb4c81ebbb1ce9531cce37674bbc6f1360472bc18ca9a553ede278ef7276897
wrapt==2.4.1 \
    --hash=sha256:8ec7aeb92e956810eedc268fe75f8c11f05d6c3d864d0995a53eb6623b3b6a51
